
Microsoft Visual Studio Solution File, Format Version 12.00
# Visual Studio Version 17
VisualStudioVersion = 17.14.36310.24 d17.14
MinimumVisualStudioVersion = 10.0.40219.1
Project("{FAE04EC0-301F-11D3-BF4B-00C04F79EFBC}") = "demo2025-2", "demo2025-2\demo2025-2.csproj", "{B0592BFE-C3F2-497C-9DAA-AEB3E4DC1BC1}"
EndProject
Global
	GlobalSection(SolutionConfigurationPlatforms) = preSolution
		Debug|Any CPU = Debug|Any CPU
		Release|Any CPU = Release|Any CPU
	EndGlobalSection
	GlobalSection(ProjectConfigurationPlatforms) = postSolution
		{B0592BFE-C3F2-497C-9DAA-AEB3E4DC1BC1}.Debug|Any CPU.ActiveCfg = Debug|Any CPU
		{B0592BFE-C3F2-497C-9DAA-AEB3E4DC1BC1}.Debug|Any CPU.Build.0 = Debug|Any CPU
		{B0592BFE-C3F2-497C-9DAA-AEB3E4DC1BC1}.Release|Any CPU.ActiveCfg = Release|Any CPU
		{B0592BFE-C3F2-497C-9DAA-AEB3E4DC1BC1}.Release|Any CPU.Build.0 = Release|Any CPU
	EndGlobalSection
	GlobalSection(SolutionProperties) = preSolution
		HideSolutionNode = FALSE
	EndGlobalSection
	GlobalSection(ExtensibilityGlobals) = postSolution
		SolutionGuid = {03CEEC30-B571-4BC7-B54F-97706A76D870}
	EndGlobalSection
EndGlobal
