
Microsoft Visual Studio Solution File, Format Version 12.00
# Visual Studio Version 17
VisualStudioVersion = 17.14.36310.24 d17.14
MinimumVisualStudioVersion = 10.0.40219.1
Project("{FAE04EC0-301F-11D3-BF4B-00C04F79EFBC}") = "demo2025-asp", "demo2025-asp\demo2025-asp.csproj", "{99A5C4F1-DF9C-409E-BF49-2F15C8A3C7FF}"
EndProject
Global
	GlobalSection(SolutionConfigurationPlatforms) = preSolution
		Debug|Any CPU = Debug|Any CPU
		Release|Any CPU = Release|Any CPU
	EndGlobalSection
	GlobalSection(ProjectConfigurationPlatforms) = postSolution
		{99A5C4F1-DF9C-409E-BF49-2F15C8A3C7FF}.Debug|Any CPU.ActiveCfg = Debug|Any CPU
		{99A5C4F1-DF9C-409E-BF49-2F15C8A3C7FF}.Debug|Any CPU.Build.0 = Debug|Any CPU
		{99A5C4F1-DF9C-409E-BF49-2F15C8A3C7FF}.Release|Any CPU.ActiveCfg = Release|Any CPU
		{99A5C4F1-DF9C-409E-BF49-2F15C8A3C7FF}.Release|Any CPU.Build.0 = Release|Any CPU
	EndGlobalSection
	GlobalSection(SolutionProperties) = preSolution
		HideSolutionNode = FALSE
	EndGlobalSection
	GlobalSection(ExtensibilityGlobals) = postSolution
		SolutionGuid = {937F9229-CDCD-433D-B3B2-020D044DF3B1}
	EndGlobalSection
EndGlobal
